
Microsoft Visual Studio Solution File, Format Version 12.00
# Visual Studio Version 16
VisualStudioVersion = 16.0.30907.101
MinimumVisualStudioVersion = 10.0.40219.1
Project("{9A19103F-16F7-4668-BE54-9A1E7A4F7556}") = "Classintro", "Classintro\Classintro.csproj", "{E04D8AF3-F543-4641-9F7F-36FC8A3F36D4}"
EndProject
Project("{9A19103F-16F7-4668-BE54-9A1E7A4F7556}") = "Metotlar", "Metotlar\Metotlar.csproj", "{E30A68EB-222A-4988-AB8D-74CC24D3DC10}"
EndProject
Project("{9A19103F-16F7-4668-BE54-9A1E7A4F7556}") = "Matematik", "Matematik\Matematik.csproj", "{43203868-B458-455E-B2A2-25712B0D948E}"
EndProject
Project("{9A19103F-16F7-4668-BE54-9A1E7A4F7556}") = "DegerVeReferansTipler", "DegerVeReferansTipler\DegerVeReferansTipler.csproj", "{E7A33014-4FB9-45EA-9A1F-7F9781A67519}"
EndProject
Project("{9A19103F-16F7-4668-BE54-9A1E7A4F7556}") = "OOP1", "OOP1\OOP1.csproj", "{19BE70A3-77CA-493C-B0BF-5E34C850724E}"
EndProject
Project("{9A19103F-16F7-4668-BE54-9A1E7A4F7556}") = "Koleksiyonlar", "Koleksiyonlar\Koleksiyonlar.csproj", "{A28474A8-ADD2-427D-B956-CFDC7C0185DB}"
EndProject
Project("{9A19103F-16F7-4668-BE54-9A1E7A4F7556}") = "GenericsIntro", "Genericsintro\GenericsIntro.csproj", "{A44C6162-3F6C-4DEF-8C39-F88E359C7C0C}"
EndProject
Project("{9A19103F-16F7-4668-BE54-9A1E7A4F7556}") = "ReferenceTypes", "ReferenceTypes\ReferenceTypes.csproj", "{867E9C57-AF97-45D1-AEDC-9BFA7C623E35}"
EndProject
Project("{FAE04EC0-301F-11D3-BF4B-00C04F79EFBC}") = "OOP2", "OOP2\OOP2.csproj", "{3EFC57A0-D4F7-4DE9-9685-5E85FD212E97}"
EndProject
Project("{FAE04EC0-301F-11D3-BF4B-00C04F79EFBC}") = "OOP3", "OOP3\OOP3.csproj", "{BC06473C-4346-4771-9297-04A65A616156}"
EndProject
Global
	GlobalSection(SolutionConfigurationPlatforms) = preSolution
		Debug|Any CPU = Debug|Any CPU
		Release|Any CPU = Release|Any CPU
	EndGlobalSection
	GlobalSection(ProjectConfigurationPlatforms) = postSolution
		{E04D8AF3-F543-4641-9F7F-36FC8A3F36D4}.Debug|Any CPU.ActiveCfg = Debug|Any CPU
		{E04D8AF3-F543-4641-9F7F-36FC8A3F36D4}.Debug|Any CPU.Build.0 = Debug|Any CPU
		{E04D8AF3-F543-4641-9F7F-36FC8A3F36D4}.Release|Any CPU.ActiveCfg = Release|Any CPU
		{E04D8AF3-F543-4641-9F7F-36FC8A3F36D4}.Release|Any CPU.Build.0 = Release|Any CPU
		{E30A68EB-222A-4988-AB8D-74CC24D3DC10}.Debug|Any CPU.ActiveCfg = Debug|Any CPU
		{E30A68EB-222A-4988-AB8D-74CC24D3DC10}.Debug|Any CPU.Build.0 = Debug|Any CPU
		{E30A68EB-222A-4988-AB8D-74CC24D3DC10}.Release|Any CPU.ActiveCfg = Release|Any CPU
		{E30A68EB-222A-4988-AB8D-74CC24D3DC10}.Release|Any CPU.Build.0 = Release|Any CPU
		{43203868-B458-455E-B2A2-25712B0D948E}.Debug|Any CPU.ActiveCfg = Debug|Any CPU
		{43203868-B458-455E-B2A2-25712B0D948E}.Debug|Any CPU.Build.0 = Debug|Any CPU
		{43203868-B458-455E-B2A2-25712B0D948E}.Release|Any CPU.ActiveCfg = Release|Any CPU
		{43203868-B458-455E-B2A2-25712B0D948E}.Release|Any CPU.Build.0 = Release|Any CPU
		{E7A33014-4FB9-45EA-9A1F-7F9781A67519}.Debug|Any CPU.ActiveCfg = Debug|Any CPU
		{E7A33014-4FB9-45EA-9A1F-7F9781A67519}.Debug|Any CPU.Build.0 = Debug|Any CPU
		{E7A33014-4FB9-45EA-9A1F-7F9781A67519}.Release|Any CPU.ActiveCfg = Release|Any CPU
		{E7A33014-4FB9-45EA-9A1F-7F9781A67519}.Release|Any CPU.Build.0 = Release|Any CPU
		{19BE70A3-77CA-493C-B0BF-5E34C850724E}.Debug|Any CPU.ActiveCfg = Debug|Any CPU
		{19BE70A3-77CA-493C-B0BF-5E34C850724E}.Debug|Any CPU.Build.0 = Debug|Any CPU
		{19BE70A3-77CA-493C-B0BF-5E34C850724E}.Release|Any CPU.ActiveCfg = Release|Any CPU
		{19BE70A3-77CA-493C-B0BF-5E34C850724E}.Release|Any CPU.Build.0 = Release|Any CPU
		{A28474A8-ADD2-427D-B956-CFDC7C0185DB}.Debug|Any CPU.ActiveCfg = Debug|Any CPU
		{A28474A8-ADD2-427D-B956-CFDC7C0185DB}.Debug|Any CPU.Build.0 = Debug|Any CPU
		{A28474A8-ADD2-427D-B956-CFDC7C0185DB}.Release|Any CPU.ActiveCfg = Release|Any CPU
		{A28474A8-ADD2-427D-B956-CFDC7C0185DB}.Release|Any CPU.Build.0 = Release|Any CPU
		{A44C6162-3F6C-4DEF-8C39-F88E359C7C0C}.Debug|Any CPU.ActiveCfg = Debug|Any CPU
		{A44C6162-3F6C-4DEF-8C39-F88E359C7C0C}.Debug|Any CPU.Build.0 = Debug|Any CPU
		{A44C6162-3F6C-4DEF-8C39-F88E359C7C0C}.Release|Any CPU.ActiveCfg = Release|Any CPU
		{A44C6162-3F6C-4DEF-8C39-F88E359C7C0C}.Release|Any CPU.Build.0 = Release|Any CPU
		{867E9C57-AF97-45D1-AEDC-9BFA7C623E35}.Debug|Any CPU.ActiveCfg = Debug|Any CPU
		{867E9C57-AF97-45D1-AEDC-9BFA7C623E35}.Debug|Any CPU.Build.0 = Debug|Any CPU
		{867E9C57-AF97-45D1-AEDC-9BFA7C623E35}.Release|Any CPU.ActiveCfg = Release|Any CPU
		{867E9C57-AF97-45D1-AEDC-9BFA7C623E35}.Release|Any CPU.Build.0 = Release|Any CPU
		{3EFC57A0-D4F7-4DE9-9685-5E85FD212E97}.Debug|Any CPU.ActiveCfg = Debug|Any CPU
		{3EFC57A0-D4F7-4DE9-9685-5E85FD212E97}.Debug|Any CPU.Build.0 = Debug|Any CPU
		{3EFC57A0-D4F7-4DE9-9685-5E85FD212E97}.Release|Any CPU.ActiveCfg = Release|Any CPU
		{3EFC57A0-D4F7-4DE9-9685-5E85FD212E97}.Release|Any CPU.Build.0 = Release|Any CPU
		{BC06473C-4346-4771-9297-04A65A616156}.Debug|Any CPU.ActiveCfg = Debug|Any CPU
		{BC06473C-4346-4771-9297-04A65A616156}.Debug|Any CPU.Build.0 = Debug|Any CPU
		{BC06473C-4346-4771-9297-04A65A616156}.Release|Any CPU.ActiveCfg = Release|Any CPU
		{BC06473C-4346-4771-9297-04A65A616156}.Release|Any CPU.Build.0 = Release|Any CPU
	EndGlobalSection
	GlobalSection(SolutionProperties) = preSolution
		HideSolutionNode = FALSE
	EndGlobalSection
	GlobalSection(ExtensibilityGlobals) = postSolution
		SolutionGuid = {A40C3CF5-F456-407F-A8DD-1D9A063EA750}
	EndGlobalSection
EndGlobal
